{
  "pins" : [
    {
      "identity" : "swift-tagged",
      "kind" : "remoteSourceControl",
      "location" : "https://github.com/pointfreeco/swift-tagged",
      "state" : {
        "revision" : "af06825aaa6adffd636c10a2570b2010c7c07e6a",
        "version" : "0.9.0"
      }
    }
  ],
  "version" : 2
}
